
Microsoft Visual Studio Solution File, Format Version 12.00
# Visual Studio 2013
VisualStudioVersion = 12.0.40629.0
MinimumVisualStudioVersion = 10.0.40219.1
Project("{8BC9CEB8-8B4A-11D0-8D11-00A0C91BC942}") = "Atm Final", "Atm Final.vcxproj", "{C717F2E2-7D49-404A-8979-C0ECCD992A30}"
EndProject
Global
	GlobalSection(SolutionConfigurationPlatforms) = preSolution
		Debug|Win32 = Debug|Win32
		Release|Win32 = Release|Win32
	EndGlobalSection
	GlobalSection(ProjectConfigurationPlatforms) = postSolution
		{C717F2E2-7D49-404A-8979-C0ECCD992A30}.Debug|Win32.ActiveCfg = Debug|Win32
		{C717F2E2-7D49-404A-8979-C0ECCD992A30}.Debug|Win32.Build.0 = Debug|Win32
		{C717F2E2-7D49-404A-8979-C0ECCD992A30}.Release|Win32.ActiveCfg = Release|Win32
		{C717F2E2-7D49-404A-8979-C0ECCD992A30}.Release|Win32.Build.0 = Release|Win32
	EndGlobalSection
	GlobalSection(SolutionProperties) = preSolution
		HideSolutionNode = FALSE
	EndGlobalSection
EndGlobal
